// !$*UTF8*$!
{
	archiveVersion = 1;
	classes = {
	};
	objectVersion = 50;
	objects = {

/* Begin PBXBuildFile section */
		037231A32454F1A200978AF1 /* AppDelegate.swift in Sources */ = {isa = PBXBuildFile; fileRef = 037231A22454F1A200978AF1 /* AppDelegate.swift */; };
		037231A52454F1A200978AF1 /* SceneDelegate.swift in Sources */ = {isa = PBXBuildFile; fileRef = 037231A42454F1A200978AF1 /* SceneDelegate.swift */; };
		037231A72454F1A200978AF1 /* ViewController.swift in Sources */ = {isa = PBXBuildFile; fileRef = 037231A62454F1A200978AF1 /* ViewController.swift */; };
		037231AA2454F1A200978AF1 /* Main.storyboard in Resources */ = {isa = PBXBuildFile; fileRef = 037231A82454F1A200978AF1 /* Main.storyboard */; };
		037231AC2454F1A300978AF1 /* Assets.xcassets in Resources */ = {isa = PBXBuildFile; fileRef = 037231AB2454F1A300978AF1 /* Assets.xcassets */; };
		037231AF2454F1A300978AF1 /* LaunchScreen.storyboard in Resources */ = {isa = PBXBuildFile; fileRef = 037231AD2454F1A300978AF1 /* LaunchScreen.storyboard */; };
		037231BA2454F1A300978AF1 /* On_the_MapTests.swift in Sources */ = {isa = PBXBuildFile; fileRef = 037231B92454F1A300978AF1 /* On_the_MapTests.swift */; };
		037231C52454F1A300978AF1 /* On_the_MapUITests.swift in Sources */ = {isa = PBXBuildFile; fileRef = 037231C42454F1A300978AF1 /* On_the_MapUITests.swift */; };
/* End PBXBuildFile section */

/* Begin PBXContainerItemProxy section */
		037231B62454F1A300978AF1 /* PBXContainerItemProxy */ = {
			isa = PBXContainerItemProxy;
			containerPortal = 037231972454F1A200978AF1 /* Project object */;
			proxyType = 1;
			remoteGlobalIDString = 0372319E2454F1A200978AF1;
			remoteInfo = "On the Map";
		};
		037231C12454F1A300978AF1 /* PBXContainerItemProxy */ = {
			isa = PBXContainerItemProxy;
			containerPortal = 037231972454F1A200978AF1 /* Project object */;
			proxyType = 1;
			remoteGlobalIDString = 0372319E2454F1A200978AF1;
			remoteInfo = "On the Map";
		};
/* End PBXContainerItemProxy section */

/* Begin PBXFileReference section */
		0372319F2454F1A200978AF1 /* On the Map.app */ = {isa = PBXFileReference; explicitFileType = wrapper.application; includeInIndex = 0; path = "On the Map.app"; sourceTree = BUILT_PRODUCTS_DIR; };
		037231A22454F1A200978AF1 /* AppDelegate.swift */ = {isa = PBXFileReference; lastKnownFileType = sourcecode.swift; path = AppDelegate.swift; sourceTree = "<group>"; };
		037231A42454F1A200978AF1 /* SceneDelegate.swift */ = {isa = PBXFileReference; lastKnownFileType = sourcecode.swift; path = SceneDelegate.swift; sourceTree = "<group>"; };
		037231A62454F1A200978AF1 /* ViewController.swift */ = {isa = PBXFileReference; lastKnownFileType = sourcecode.swift; path = ViewController.swift; sourceTree = "<group>"; };
		037231A92454F1A200978AF1 /* Base */ = {isa = PBXFileReference; lastKnownFileType = file.storyboard; name = Base; path = Base.lproj/Main.storyboard; sourceTree = "<group>"; };
		037231AB2454F1A300978AF1 /* Assets.xcassets */ = {isa = PBXFileReference; lastKnownFileType = folder.assetcatalog; path = Assets.xcassets; sourceTree = "<group>"; };
		037231AE2454F1A300978AF1 /* Base */ = {isa = PBXFileReference; lastKnownFileType = file.storyboard; name = Base; path = Base.lproj/LaunchScreen.storyboard; sourceTree = "<group>"; };
		037231B02454F1A300978AF1 /* Info.plist */ = {isa = PBXFileReference; lastKnownFileType = text.plist.xml; path = Info.plist; sourceTree = "<group>"; };
		037231B52454F1A300978AF1 /* On the MapTests.xctest */ = {isa = PBXFileReference; explicitFileType = wrapper.cfbundle; includeInIndex = 0; path = "On the MapTests.xctest"; sourceTree = BUILT_PRODUCTS_DIR; };
		037231B92454F1A300978AF1 /* On_the_MapTests.swift */ = {isa = PBXFileReference; lastKnownFileType = sourcecode.swift; path = On_the_MapTests.swift; sourceTree = "<group>"; };
		037231BB2454F1A300978AF1 /* Info.plist */ = {isa = PBXFileReference; lastKnownFileType = text.plist.xml; path = Info.plist; sourceTree = "<group>"; };
		037231C02454F1A300978AF1 /* On the MapUITests.xctest */ = {isa = PBXFileReference; explicitFileType = wrapper.cfbundle; includeInIndex = 0; path = "On the MapUITests.xctest"; sourceTree = BUILT_PRODUCTS_DIR; };
		037231C42454F1A300978AF1 /* On_the_MapUITests.swift */ = {isa = PBXFileReference; lastKnownFileType = sourcecode.swift; path = On_the_MapUITests.swift; sourceTree = "<group>"; };
		037231C62454F1A300978AF1 /* Info.plist */ = {isa = PBXFileReference; lastKnownFileType = text.plist.xml; path = Info.plist; sourceTree = "<group>"; };
/* End PBXFileReference section */

/* Begin PBXFrameworksBuildPhase section */
		0372319C2454F1A200978AF1 /* Frameworks */ = {
			isa = PBXFrameworksBuildPhase;
			buildActionMask = 2147483647;
			files = (
			);
			runOnlyForDeploymentPostprocessing = 0;
		};
		037231B22454F1A300978AF1 /* Frameworks */ = {
			isa = PBXFrameworksBuildPhase;
			buildActionMask = 2147483647;
			files = (
			);
			runOnlyForDeploymentPostprocessing = 0;
		};
		037231BD2454F1A300978AF1 /* Frameworks */ = {
			isa = PBXFrameworksBuildPhase;
			buildActionMask = 2147483647;
			files = (
			);
			runOnlyForDeploymentPostprocessing = 0;
		};
/* End PBXFrameworksBuildPhase section */

/* Begin PBXGroup section */
		037231962454F1A200978AF1 = {
			isa = PBXGroup;
			children = (
				037231A12454F1A200978AF1 /* On the Map */,
				037231B82454F1A300978AF1 /* On the MapTests */,
				037231C32454F1A300978AF1 /* On the MapUITests */,
				037231A02454F1A200978AF1 /* Products */,
			);
			sourceTree = "<group>";
		};
		037231A02454F1A200978AF1 /* Products */ = {
			isa = PBXGroup;
			children = (
				0372319F2454F1A200978AF1 /* On the Map.app */,
				037231B52454F1A300978AF1 /* On the MapTests.xctest */,
				037231C02454F1A300978AF1 /* On the MapUITests.xctest */,
			);
			name = Products;
			sourceTree = "<group>";
		};
		037231A12454F1A200978AF1 /* On the Map */ = {
			isa = PBXGroup;
			children = (
				037231A22454F1A200978AF1 /* AppDelegate.swift */,
				037231A42454F1A200978AF1 /* SceneDelegate.swift */,
				037231A62454F1A200978AF1 /* ViewController.swift */,
				037231A82454F1A200978AF1 /* Main.storyboard */,
				037231AB2454F1A300978AF1 /* Assets.xcassets */,
				037231AD2454F1A300978AF1 /* LaunchScreen.storyboard */,
				037231B02454F1A300978AF1 /* Info.plist */,
			);
			path = "On the Map";
			sourceTree = "<group>";
		};
		037231B82454F1A300978AF1 /* On the MapTests */ = {
			isa = PBXGroup;
			children = (
				037231B92454F1A300978AF1 /* On_the_MapTests.swift */,
				037231BB2454F1A300978AF1 /* Info.plist */,
			);
			path = "On the MapTests";
			sourceTree = "<group>";
		};
		037231C32454F1A300978AF1 /* On the MapUITests */ = {
			isa = PBXGroup;
			children = (
				037231C42454F1A300978AF1 /* On_the_MapUITests.swift */,
				037231C62454F1A300978AF1 /* Info.plist */,
			);
			path = "On the MapUITests";
			sourceTree = "<group>";
		};
/* End PBXGroup section */

/* Begin PBXNativeTarget section */
		0372319E2454F1A200978AF1 /* On the Map */ = {
			isa = PBXNativeTarget;
			buildConfigurationList = 037231C92454F1A300978AF1 /* Build configuration list for PBXNativeTarget "On the Map" */;
			buildPhases = (
				0372319B2454F1A200978AF1 /* Sources */,
				0372319C2454F1A200978AF1 /* Frameworks */,
				0372319D2454F1A200978AF1 /* Resources */,
			);
			buildRules = (
			);
			dependencies = (
			);
			name = "On the Map";
			productName = "On the Map";
			productReference = 0372319F2454F1A200978AF1 /* On the Map.app */;
			productType = "com.apple.product-type.application";
		};
		037231B42454F1A300978AF1 /* On the MapTests */ = {
			isa = PBXNativeTarget;
			buildConfigurationList = 037231CC2454F1A300978AF1 /* Build configuration list for PBXNativeTarget "On the MapTests" */;
			buildPhases = (
				037231B12454F1A300978AF1 /* Sources */,
				037231B22454F1A300978AF1 /* Frameworks */,
				037231B32454F1A300978AF1 /* Resources */,
			);
			buildRules = (
			);
			dependencies = (
				037231B72454F1A300978AF1 /* PBXTargetDependency */,
			);
			name = "On the MapTests";
			productName = "On the MapTests";
			productReference = 037231B52454F1A300978AF1 /* On the MapTests.xctest */;
			productType = "com.apple.product-type.bundle.unit-test";
		};
		037231BF2454F1A300978AF1 /* On the MapUITests */ = {
			isa = PBXNativeTarget;
			buildConfigurationList = 037231CF2454F1A300978AF1 /* Build configuration list for PBXNativeTarget "On the MapUITests" */;
			buildPhases = (
				037231BC2454F1A300978AF1 /* Sources */,
				037231BD2454F1A300978AF1 /* Frameworks */,
				037231BE2454F1A300978AF1 /* Resources */,
			);
			buildRules = (
			);
			dependencies = (
				037231C22454F1A300978AF1 /* PBXTargetDependency */,
			);
			name = "On the MapUITests";
			productName = "On the MapUITests";
			productReference = 037231C02454F1A300978AF1 /* On the MapUITests.xctest */;
			productType = "com.apple.product-type.bundle.ui-testing";
		};
/* End PBXNativeTarget section */

/* Begin PBXProject section */
		037231972454F1A200978AF1 /* Project object */ = {
			isa = PBXProject;
			attributes = {
				LastSwiftUpdateCheck = 1140;
				LastUpgradeCheck = 1140;
				ORGANIZATIONNAME = "Laxman Nyamagouda";
				TargetAttributes = {
					0372319E2454F1A200978AF1 = {
						CreatedOnToolsVersion = 11.4.1;
					};
					037231B42454F1A300978AF1 = {
						CreatedOnToolsVersion = 11.4.1;
						TestTargetID = 0372319E2454F1A200978AF1;
					};
					037231BF2454F1A300978AF1 = {
						CreatedOnToolsVersion = 11.4.1;
						TestTargetID = 0372319E2454F1A200978AF1;
					};
				};
			};
			buildConfigurationList = 0372319A2454F1A200978AF1 /* Build configuration list for PBXProject "On the Map" */;
			compatibilityVersion = "Xcode 9.3";
			developmentRegion = en;
			hasScannedForEncodings = 0;
			knownRegions = (
				en,
				Base,
			);
			mainGroup = 037231962454F1A200978AF1;
			productRefGroup = 037231A02454F1A200978AF1 /* Products */;
			projectDirPath = "";
			projectRoot = "";
			targets = (
				0372319E2454F1A200978AF1 /* On the Map */,
				037231B42454F1A300978AF1 /* On the MapTests */,
				037231BF2454F1A300978AF1 /* On the MapUITests */,
			);
		};
/* End PBXProject section */

/* Begin PBXResourcesBuildPhase section */
		0372319D2454F1A200978AF1 /* Resources */ = {
			isa = PBXResourcesBuildPhase;
			buildActionMask = 2147483647;
			files = (
				037231AF2454F1A300978AF1 /* LaunchScreen.storyboard in Resources */,
				037231AC2454F1A300978AF1 /* Assets.xcassets in Resources */,
				037231AA2454F1A200978AF1 /* Main.storyboard in Resources */,
			);
			runOnlyForDeploymentPostprocessing = 0;
		};
		037231B32454F1A300978AF1 /* Resources */ = {
			isa = PBXResourcesBuildPhase;
			buildActionMask = 2147483647;
			files = (
			);
			runOnlyForDeploymentPostprocessing = 0;
		};
		037231BE2454F1A300978AF1 /* Resources */ = {
			isa = PBXResourcesBuildPhase;
			buildActionMask = 2147483647;
			files = (
			);
			runOnlyForDeploymentPostprocessing = 0;
		};
/* End PBXResourcesBuildPhase section */

/* Begin PBXSourcesBuildPhase section */
		0372319B2454F1A200978AF1 /* Sources */ = {
			isa = PBXSourcesBuildPhase;
			buildActionMask = 2147483647;
			files = (
				037231A72454F1A200978AF1 /* ViewController.swift in Sources */,
				037231A32454F1A200978AF1 /* AppDelegate.swift in Sources */,
				037231A52454F1A200978AF1 /* SceneDelegate.swift in Sources */,
			);
			runOnlyForDeploymentPostprocessing = 0;
		};
		037231B12454F1A300978AF1 /* Sources */ = {
			isa = PBXSourcesBuildPhase;
			buildActionMask = 2147483647;
			files = (
				037231BA2454F1A300978AF1 /* On_the_MapTests.swift in Sources */,
			);
			runOnlyForDeploymentPostprocessing = 0;
		};
		037231BC2454F1A300978AF1 /* Sources */ = {
			isa = PBXSourcesBuildPhase;
			buildActionMask = 2147483647;
			files = (
				037231C52454F1A300978AF1 /* On_the_MapUITests.swift in Sources */,
			);
			runOnlyForDeploymentPostprocessing = 0;
		};
/* End PBXSourcesBuildPhase section */

/* Begin PBXTargetDependency section */
		037231B72454F1A300978AF1 /* PBXTargetDependency */ = {
			isa = PBXTargetDependency;
			target = 0372319E2454F1A200978AF1 /* On the Map */;
			targetProxy = 037231B62454F1A300978AF1 /* PBXContainerItemProxy */;
		};
		037231C22454F1A300978AF1 /* PBXTargetDependency */ = {
			isa = PBXTargetDependency;
			target = 0372319E2454F1A200978AF1 /* On the Map */;
			targetProxy = 037231C12454F1A300978AF1 /* PBXContainerItemProxy */;
		};
/* End PBXTargetDependency section */

/* Begin PBXVariantGroup section */
		037231A82454F1A200978AF1 /* Main.storyboard */ = {
			isa = PBXVariantGroup;
			children = (
				037231A92454F1A200978AF1 /* Base */,
			);
			name = Main.storyboard;
			sourceTree = "<group>";
		};
		037231AD2454F1A300978AF1 /* LaunchScreen.storyboard */ = {
			isa = PBXVariantGroup;
			children = (
				037231AE2454F1A300978AF1 /* Base */,
			);
			name = LaunchScreen.storyboard;
			sourceTree = "<group>";
		};
/* End PBXVariantGroup section */

/* Begin XCBuildConfiguration section */
		037231C72454F1A300978AF1 /* Debug */ = {
			isa = XCBuildConfiguration;
			buildSettings = {
				ALWAYS_SEARCH_USER_PATHS = NO;
				CLANG_ANALYZER_NONNULL = YES;
				CLANG_ANALYZER_NUMBER_OBJECT_CONVERSION = YES_AGGRESSIVE;
				CLANG_CXX_LANGUAGE_STANDARD = "gnu++14";
				CLANG_CXX_LIBRARY = "libc++";
				CLANG_ENABLE_MODULES = YES;
				CLANG_ENABLE_OBJC_ARC = YES;
				CLANG_ENABLE_OBJC_WEAK = YES;
				CLANG_WARN_BLOCK_CAPTURE_AUTORELEASING = YES;
				CLANG_WARN_BOOL_CONVERSION = YES;
				CLANG_WARN_COMMA = YES;
				CLANG_WARN_CONSTANT_CONVERSION = YES;
				CLANG_WARN_DEPRECATED_OBJC_IMPLEMENTATIONS = YES;
				CLANG_WARN_DIRECT_OBJC_ISA_USAGE = YES_ERROR;
				CLANG_WARN_DOCUMENTATION_COMMENTS = YES;
				CLANG_WARN_EMPTY_BODY = YES;
				CLANG_WARN_ENUM_CONVERSION = YES;
				CLANG_WARN_INFINITE_RECURSION = YES;
				CLANG_WARN_INT_CONVERSION = YES;
				CLANG_WARN_NON_LITERAL_NULL_CONVERSION = YES;
				CLANG_WARN_OBJC_IMPLICIT_RETAIN_SELF = YES;
				CLANG_WARN_OBJC_LITERAL_CONVERSION = YES;
				CLANG_WARN_OBJC_ROOT_CLASS = YES_ERROR;
				CLANG_WARN_RANGE_LOOP_ANALYSIS = YES;
				CLANG_WARN_STRICT_PROTOTYPES = YES;
				CLANG_WARN_SUSPICIOUS_MOVE = YES;
				CLANG_WARN_UNGUARDED_AVAILABILITY = YES_AGGRESSIVE;
				CLANG_WARN_UNREACHABLE_CODE = YES;
				CLANG_WARN__DUPLICATE_METHOD_MATCH = YES;
				COPY_PHASE_STRIP = NO;
				DEBUG_INFORMATION_FORMAT = dwarf;
				ENABLE_STRICT_OBJC_MSGSEND = YES;
				ENABLE_TESTABILITY = YES;
				GCC_C_LANGUAGE_STANDARD = gnu11;
				GCC_DYNAMIC_NO_PIC = NO;
				GCC_NO_COMMON_BLOCKS = YES;
				GCC_OPTIMIZATION_LEVEL = 0;
				GCC_PREPROCESSOR_DEFINITIONS = (
					"DEBUG=1",
					"$(inherited)",
				);
				GCC_WARN_64_TO_32_BIT_CONVERSION = YES;
				GCC_WARN_ABOUT_RETURN_TYPE = YES_ERROR;
				GCC_WARN_UNDECLARED_SELECTOR = YES;
				GCC_WARN_UNINITIALIZED_AUTOS = YES_AGGRESSIVE;
				GCC_WARN_UNUSED_FUNCTION = YES;
				GCC_WARN_UNUSED_VARIABLE = YES;
				IPHONEOS_DEPLOYMENT_TARGET = 13.4;
				MTL_ENABLE_DEBUG_INFO = INCLUDE_SOURCE;
				MTL_FAST_MATH = YES;
				ONLY_ACTIVE_ARCH = YES;
				SDKROOT = iphoneos;
				SWIFT_ACTIVE_COMPILATION_CONDITIONS = DEBUG;
				SWIFT_OPTIMIZATION_LEVEL = "-Onone";
			};
			name = Debug;
		};
		037231C82454F1A300978AF1 /* Release */ = {
			isa = XCBuildConfiguration;
			buildSettings = {
				ALWAYS_SEARCH_USER_PATHS = NO;
				CLANG_ANALYZER_NONNULL = YES;
				CLANG_ANALYZER_NUMBER_OBJECT_CONVERSION = YES_AGGRESSIVE;
				CLANG_CXX_LANGUAGE_STANDARD = "gnu++14";
				CLANG_CXX_LIBRARY = "libc++";
				CLANG_ENABLE_MODULES = YES;
				CLANG_ENABLE_OBJC_ARC = YES;
				CLANG_ENABLE_OBJC_WEAK = YES;
				CLANG_WARN_BLOCK_CAPTURE_AUTORELEASING = YES;
				CLANG_WARN_BOOL_CONVERSION = YES;
				CLANG_WARN_COMMA = YES;
				CLANG_WARN_CONSTANT_CONVERSION = YES;
				CLANG_WARN_DEPRECATED_OBJC_IMPLEMENTATIONS = YES;
				CLANG_WARN_DIRECT_OBJC_ISA_USAGE = YES_ERROR;
				CLANG_WARN_DOCUMENTATION_COMMENTS = YES;
				CLANG_WARN_EMPTY_BODY = YES;
				CLANG_WARN_ENUM_CONVERSION = YES;
				CLANG_WARN_INFINITE_RECURSION = YES;
				CLANG_WARN_INT_CONVERSION = YES;
				CLANG_WARN_NON_LITERAL_NULL_CONVERSION = YES;
				CLANG_WARN_OBJC_IMPLICIT_RETAIN_SELF = YES;
				CLANG_WARN_OBJC_LITERAL_CONVERSION = YES;
				CLANG_WARN_OBJC_ROOT_CLASS = YES_ERROR;
				CLANG_WARN_RANGE_LOOP_ANALYSIS = YES;
				CLANG_WARN_STRICT_PROTOTYPES = YES;
				CLANG_WARN_SUSPICIOUS_MOVE = YES;
				CLANG_WARN_UNGUARDED_AVAILABILITY = YES_AGGRESSIVE;
				CLANG_WARN_UNREACHABLE_CODE = YES;
				CLANG_WARN__DUPLICATE_METHOD_MATCH = YES;
				COPY_PHASE_STRIP = NO;
				DEBUG_INFORMATION_FORMAT = "dwarf-with-dsym";
				ENABLE_NS_ASSERTIONS = NO;
				ENABLE_STRICT_OBJC_MSGSEND = YES;
				GCC_C_LANGUAGE_STANDARD = gnu11;
				GCC_NO_COMMON_BLOCKS = YES;
				GCC_WARN_64_TO_32_BIT_CONVERSION = YES;
				GCC_WARN_ABOUT_RETURN_TYPE = YES_ERROR;
				GCC_WARN_UNDECLARED_SELECTOR = YES;
				GCC_WARN_UNINITIALIZED_AUTOS = YES_AGGRESSIVE;
				GCC_WARN_UNUSED_FUNCTION = YES;
				GCC_WARN_UNUSED_VARIABLE = YES;
				IPHONEOS_DEPLOYMENT_TARGET = 13.4;
				MTL_ENABLE_DEBUG_INFO = NO;
				MTL_FAST_MATH = YES;
				SDKROOT = iphoneos;
				SWIFT_COMPILATION_MODE = wholemodule;
				SWIFT_OPTIMIZATION_LEVEL = "-O";
				VALIDATE_PRODUCT = YES;
			};
			name = Release;
		};
		037231CA2454F1A300978AF1 /* Debug */ = {
			isa = XCBuildConfiguration;
			buildSettings = {
				ASSETCATALOG_COMPILER_APPICON_NAME = AppIcon;
				CODE_SIGN_STYLE = Automatic;
				INFOPLIST_FILE = "On the Map/Info.plist";
				LD_RUNPATH_SEARCH_PATHS = (
					"$(inherited)",
					"@executable_path/Frameworks",
				);
				PRODUCT_BUNDLE_IDENTIFIER = "www.laxman.com.On-the-Map";
				PRODUCT_NAME = "$(TARGET_NAME)";
				SWIFT_VERSION = 5.0;
				TARGETED_DEVICE_FAMILY = "1,2";
			};
			name = Debug;
		};
		037231CB2454F1A300978AF1 /* Release */ = {
			isa = XCBuildConfiguration;
			buildSettings = {
				ASSETCATALOG_COMPILER_APPICON_NAME = AppIcon;
				CODE_SIGN_STYLE = Automatic;
				INFOPLIST_FILE = "On the Map/Info.plist";
				LD_RUNPATH_SEARCH_PATHS = (
					"$(inherited)",
					"@executable_path/Frameworks",
				);
				PRODUCT_BUNDLE_IDENTIFIER = "www.laxman.com.On-the-Map";
				PRODUCT_NAME = "$(TARGET_NAME)";
				SWIFT_VERSION = 5.0;
				TARGETED_DEVICE_FAMILY = "1,2";
			};
			name = Release;
		};
		037231CD2454F1A300978AF1 /* Debug */ = {
			isa = XCBuildConfiguration;
			buildSettings = {
				ALWAYS_EMBED_SWIFT_STANDARD_LIBRARIES = YES;
				BUNDLE_LOADER = "$(TEST_HOST)";
				CODE_SIGN_STYLE = Automatic;
				INFOPLIST_FILE = "On the MapTests/Info.plist";
				IPHONEOS_DEPLOYMENT_TARGET = 13.4;
				LD_RUNPATH_SEARCH_PATHS = (
					"$(inherited)",
					"@executable_path/Frameworks",
					"@loader_path/Frameworks",
				);
				PRODUCT_BUNDLE_IDENTIFIER = "www.laxman.com.On-the-MapTests";
				PRODUCT_NAME = "$(TARGET_NAME)";
				SWIFT_VERSION = 5.0;
				TARGETED_DEVICE_FAMILY = "1,2";
				TEST_HOST = "$(BUILT_PRODUCTS_DIR)/On the Map.app/On the Map";
			};
			name = Debug;
		};
		037231CE2454F1A300978AF1 /* Release */ = {
			isa = XCBuildConfiguration;
			buildSettings = {
				ALWAYS_EMBED_SWIFT_STANDARD_LIBRARIES = YES;
				BUNDLE_LOADER = "$(TEST_HOST)";
				CODE_SIGN_STYLE = Automatic;
				INFOPLIST_FILE = "On the MapTests/Info.plist";
				IPHONEOS_DEPLOYMENT_TARGET = 13.4;
				LD_RUNPATH_SEARCH_PATHS = (
					"$(inherited)",
					"@executable_path/Frameworks",
					"@loader_path/Frameworks",
				);
				PRODUCT_BUNDLE_IDENTIFIER = "www.laxman.com.On-the-MapTests";
				PRODUCT_NAME = "$(TARGET_NAME)";
				SWIFT_VERSION = 5.0;
				TARGETED_DEVICE_FAMILY = "1,2";
				TEST_HOST = "$(BUILT_PRODUCTS_DIR)/On the Map.app/On the Map";
			};
			name = Release;
		};
		037231D02454F1A300978AF1 /* Debug */ = {
			isa = XCBuildConfiguration;
			buildSettings = {
				ALWAYS_EMBED_SWIFT_STANDARD_LIBRARIES = YES;
				CODE_SIGN_STYLE = Automatic;
				INFOPLIST_FILE = "On the MapUITests/Info.plist";
				LD_RUNPATH_SEARCH_PATHS = (
					"$(inherited)",
					"@executable_path/Frameworks",
					"@loader_path/Frameworks",
				);
				PRODUCT_BUNDLE_IDENTIFIER = "www.laxman.com.On-the-MapUITests";
				PRODUCT_NAME = "$(TARGET_NAME)";
				SWIFT_VERSION = 5.0;
				TARGETED_DEVICE_FAMILY = "1,2";
				TEST_TARGET_NAME = "On the Map";
			};
			name = Debug;
		};
		037231D12454F1A300978AF1 /* Release */ = {
			isa = XCBuildConfiguration;
			buildSettings = {
				ALWAYS_EMBED_SWIFT_STANDARD_LIBRARIES = YES;
				CODE_SIGN_STYLE = Automatic;
				INFOPLIST_FILE = "On the MapUITests/Info.plist";
				LD_RUNPATH_SEARCH_PATHS = (
					"$(inherited)",
					"@executable_path/Frameworks",
					"@loader_path/Frameworks",
				);
				PRODUCT_BUNDLE_IDENTIFIER = "www.laxman.com.On-the-MapUITests";
				PRODUCT_NAME = "$(TARGET_NAME)";
				SWIFT_VERSION = 5.0;
				TARGETED_DEVICE_FAMILY = "1,2";
				TEST_TARGET_NAME = "On the Map";
			};
			name = Release;
		};
/* End XCBuildConfiguration section */

/* Begin XCConfigurationList section */
		0372319A2454F1A200978AF1 /* Build configuration list for PBXProject "On the Map" */ = {
			isa = XCConfigurationList;
			buildConfigurations = (
				037231C72454F1A300978AF1 /* Debug */,
				037231C82454F1A300978AF1 /* Release */,
			);
			defaultConfigurationIsVisible = 0;
			defaultConfigurationName = Release;
		};
		037231C92454F1A300978AF1 /* Build configuration list for PBXNativeTarget "On the Map" */ = {
			isa = XCConfigurationList;
			buildConfigurations = (
				037231CA2454F1A300978AF1 /* Debug */,
				037231CB2454F1A300978AF1 /* Release */,
			);
			defaultConfigurationIsVisible = 0;
			defaultConfigurationName = Release;
		};
		037231CC2454F1A300978AF1 /* Build configuration list for PBXNativeTarget "On the MapTests" */ = {
			isa = XCConfigurationList;
			buildConfigurations = (
				037231CD2454F1A300978AF1 /* Debug */,
				037231CE2454F1A300978AF1 /* Release */,
			);
			defaultConfigurationIsVisible = 0;
			defaultConfigurationName = Release;
		};
		037231CF2454F1A300978AF1 /* Build configuration list for PBXNativeTarget "On the MapUITests" */ = {
			isa = XCConfigurationList;
			buildConfigurations = (
				037231D02454F1A300978AF1 /* Debug */,
				037231D12454F1A300978AF1 /* Release */,
			);
			defaultConfigurationIsVisible = 0;
			defaultConfigurationName = Release;
		};
/* End XCConfigurationList section */
	};
	rootObject = 037231972454F1A200978AF1 /* Project object */;
}
